
Microsoft Visual Studio Solution File, Format Version 10.00
# Visual Studio 2008
Project("{8BC9CEB8-8B4A-11D0-8D11-00A0C91BC942}") = "SubVANLauncher", "SubVANLauncher.vcproj", "{6246A038-7941-4D14-B03A-A9C6F5C5C9B0}"
EndProject
Project("{8BC9CEB8-8B4A-11D0-8D11-00A0C91BC942}") = "SubVANLauncherPS", "SubVANLauncherPS.vcproj", "{A2489C07-10F0-4CA6-A02A-AEEF058DD29A}"
	ProjectSection(ProjectDependencies) = postProject
		{6246A038-7941-4D14-B03A-A9C6F5C5C9B0} = {6246A038-7941-4D14-B03A-A9C6F5C5C9B0}
	EndProjectSection
EndProject
Global
	GlobalSection(SolutionConfigurationPlatforms) = preSolution
		Debug|Win32 = Debug|Win32
		Release|Win32 = Release|Win32
	EndGlobalSection
	GlobalSection(ProjectConfigurationPlatforms) = postSolution
		{6246A038-7941-4D14-B03A-A9C6F5C5C9B0}.Debug|Win32.ActiveCfg = Debug|Win32
		{6246A038-7941-4D14-B03A-A9C6F5C5C9B0}.Debug|Win32.Build.0 = Debug|Win32
		{6246A038-7941-4D14-B03A-A9C6F5C5C9B0}.Release|Win32.ActiveCfg = Release|Win32
		{6246A038-7941-4D14-B03A-A9C6F5C5C9B0}.Release|Win32.Build.0 = Release|Win32
		{A2489C07-10F0-4CA6-A02A-AEEF058DD29A}.Debug|Win32.ActiveCfg = Debug|Win32
		{A2489C07-10F0-4CA6-A02A-AEEF058DD29A}.Release|Win32.ActiveCfg = Release|Win32
	EndGlobalSection
	GlobalSection(SolutionProperties) = preSolution
		HideSolutionNode = FALSE
	EndGlobalSection
EndGlobal
